<?xml version="1.0" encoding="utf-8"?>
<Project ToolsVersion="4.0" xmlns="http://schemas.microsoft.com/developer/msbuild/2003">
  <ItemGroup>
    <Filter Include="Source Files">
      <UniqueIdentifier>{4FC737F1-C7A5-4376-A066-2A32D752A2FF}</UniqueIdentifier>
      <Extensions>cpp;c;cc;cxx;c++;cppm;ixx;def;odl;idl;hpj;bat;asm;asmx</Extensions>
    </Filter>
    <Filter Include="Header Files">
      <UniqueIdentifier>{93995380-89BD-4b04-88EB-625FBE52EBFB}</UniqueIdentifier>
      <Extensions>h;hh;hpp;hxx;h++;hm;inl;inc;ipp;xsd</Extensions>
    </Filter>
    <Filter Include="Resource Files">
      <UniqueIdentifier>{67DA6AB6-F800-4c08-8B7A-83BB121AAD01}</UniqueIdentifier>
      <Extensions>rc;ico;cur;bmp;dlg;rc2;rct;bin;rgs;gif;jpg;jpeg;jpe;resx;tiff;tif;png;wav;mfcribbon-ms</Extensions>
    </Filter>
    <Filter Include="Source Files\Scenes">
      <UniqueIdentifier>{6dc283c6-7030-4771-9af4-fa697fcab2ad}</UniqueIdentifier>
    </Filter>
    <Filter Include="Source Files\Commands">
      <UniqueIdentifier>{0878b7f5-8e22-4ec6-abbe-0de9beaca798}</UniqueIdentifier>
    </Filter>
    <Filter Include="Source Files\ObjConstructor">
      <UniqueIdentifier>{2d55dbc7-8587-492c-a0a8-7e0264a26eed}</UniqueIdentifier>
    </Filter>
    <Filter Include="Source Files\Components">
      <UniqueIdentifier>{94dbbe55-4cee-4f35-a16f-deee300764dd}</UniqueIdentifier>
    </Filter>
  </ItemGroup>
  <ItemGroup>
    <ClCompile Include="main.cpp">
      <Filter>Source Files</Filter>
    </ClCompile>
    <ClCompile Include="CursedEngine.cpp">
      <Filter>Source Files</Filter>
    </ClCompile>
    <ClCompile Include="SceneFactoryCursedArc.cpp">
      <Filter>Source Files\Scenes</Filter>
    </ClCompile>
    <ClCompile Include="Grid.cpp">
      <Filter>Source Files\Components</Filter>
    </ClCompile>
    <ClCompile Include="CellLogic.cpp">
      <Filter>Source Files\Components</Filter>
    </ClCompile>
    <ClCompile Include="ObjectConstructorCursedArc.cpp">
      <Filter>Source Files\ObjConstructor</Filter>
    </ClCompile>
    <ClCompile Include="GemLogic.cpp">
      <Filter>Source Files\Components</Filter>
    </ClCompile>
    <ClCompile Include="DiggerManager.cpp">
      <Filter>Source Files\Components</Filter>
    </ClCompile>
    <ClCompile Include="PlayerDiggerLogic.cpp">
      <Filter>Source Files\Components</Filter>
    </ClCompile>
    <ClCompile Include="BagLogic.cpp">
      <Filter>Source Files\Components</Filter>
    </ClCompile>
    <ClCompile Include="States.cpp">
      <Filter>Source Files</Filter>
    </ClCompile>
    <ClCompile Include="BagState.cpp">
      <Filter>Source Files\Components</Filter>
    </ClCompile>
    <ClCompile Include="NobbinLogic.cpp">
      <Filter>Source Files\Components</Filter>
    </ClCompile>
    <ClCompile Include="BulletLogic.cpp">
      <Filter>Source Files</Filter>
    </ClCompile>
  </ItemGroup>
  <ItemGroup>
    <ClInclude Include="CursedEngine.h">
      <Filter>Source Files</Filter>
    </ClInclude>
    <ClInclude Include="resource.h">
      <Filter>Header Files</Filter>
    </ClInclude>
    <ClInclude Include="CursedArcadePCH.h">
      <Filter>Header Files</Filter>
    </ClInclude>
    <ClInclude Include="SceneFactoryCursedArc.h">
      <Filter>Source Files\Scenes</Filter>
    </ClInclude>
    <ClInclude Include="CursedCommands.h">
      <Filter>Source Files\Commands</Filter>
    </ClInclude>
    <ClInclude Include="CellLogic.h">
      <Filter>Source Files\Components</Filter>
    </ClInclude>
    <ClInclude Include="Grid.h">
      <Filter>Source Files\Components</Filter>
    </ClInclude>
    <ClInclude Include="ObjectConstructorCursedArc.h">
      <Filter>Source Files\ObjConstructor</Filter>
    </ClInclude>
    <ClInclude Include="GemLogic.h">
      <Filter>Source Files\Components</Filter>
    </ClInclude>
    <ClInclude Include="DiggerManager.h">
      <Filter>Source Files\Components</Filter>
    </ClInclude>
    <ClInclude Include="PlayerDiggerLogic.h">
      <Filter>Source Files\Components</Filter>
    </ClInclude>
    <ClInclude Include="BagLogic.h">
      <Filter>Source Files\Components</Filter>
    </ClInclude>
    <ClInclude Include="States.h">
      <Filter>Header Files</Filter>
    </ClInclude>
    <ClInclude Include="BagState.h">
      <Filter>Source Files\Components</Filter>
    </ClInclude>
    <ClInclude Include="NobbinLogic.h">
      <Filter>Source Files\Components</Filter>
    </ClInclude>
    <ClInclude Include="BulletLogic.h">
      <Filter>Header Files</Filter>
    </ClInclude>
  </ItemGroup>
</Project>